
Microsoft Visual Studio Solution File, Format Version 12.00
# Visual Studio 15
VisualStudioVersion = 15.0.28010.2046
MinimumVisualStudioVersion = 10.0.40219.1
Project("{FAE04EC0-301F-11D3-BF4B-00C04F79EFBC}") = "AppUI", "C20 Ex01 Ron 204464127 Tomer 312500937\AppUI.csproj", "{A5A4C038-BCCB-4ECA-895A-4A82F775D1BF}"
EndProject
Project("{2150E333-8FDC-42A3-9474-1A3956D46DE8}") = "Solution Items", "Solution Items", "{966D1ECB-8E83-474B-857B-9466581AA753}"
	ProjectSection(SolutionItems) = preProject
		DP Ex03 RonAmbar 204464127 TomerPicker 311247753.docx = DP Ex03 RonAmbar 204464127 TomerPicker 311247753.docx
		ReadMe.txt = ReadMe.txt
	EndProjectSection
EndProject
Project("{FAE04EC0-301F-11D3-BF4B-00C04F79EFBC}") = "AppLogic", "AppLogic\AppLogic.csproj", "{DC64F4DA-4E9C-4AA9-8AA7-9487BCD6730E}"
EndProject
Project("{FAE04EC0-301F-11D3-BF4B-00C04F79EFBC}") = "SingletonT", "SingletonT\SingletonT.csproj", "{D0ACC6A7-F19D-46BA-AD1C-88E341275C61}"
EndProject
Project("{FAE04EC0-301F-11D3-BF4B-00C04F79EFBC}") = "ControlShaker", "ControlShaker\ControlShaker.csproj", "{DB1E2E8B-A7F2-4502-8E95-619BBF4F43E6}"
EndProject
Global
	GlobalSection(SolutionConfigurationPlatforms) = preSolution
		Debug|Any CPU = Debug|Any CPU
		Release|Any CPU = Release|Any CPU
	EndGlobalSection
	GlobalSection(ProjectConfigurationPlatforms) = postSolution
		{A5A4C038-BCCB-4ECA-895A-4A82F775D1BF}.Debug|Any CPU.ActiveCfg = Debug|Any CPU
		{A5A4C038-BCCB-4ECA-895A-4A82F775D1BF}.Debug|Any CPU.Build.0 = Debug|Any CPU
		{A5A4C038-BCCB-4ECA-895A-4A82F775D1BF}.Release|Any CPU.ActiveCfg = Release|Any CPU
		{A5A4C038-BCCB-4ECA-895A-4A82F775D1BF}.Release|Any CPU.Build.0 = Release|Any CPU
		{DC64F4DA-4E9C-4AA9-8AA7-9487BCD6730E}.Debug|Any CPU.ActiveCfg = Debug|Any CPU
		{DC64F4DA-4E9C-4AA9-8AA7-9487BCD6730E}.Debug|Any CPU.Build.0 = Debug|Any CPU
		{DC64F4DA-4E9C-4AA9-8AA7-9487BCD6730E}.Release|Any CPU.ActiveCfg = Release|Any CPU
		{DC64F4DA-4E9C-4AA9-8AA7-9487BCD6730E}.Release|Any CPU.Build.0 = Release|Any CPU
		{D0ACC6A7-F19D-46BA-AD1C-88E341275C61}.Debug|Any CPU.ActiveCfg = Debug|Any CPU
		{D0ACC6A7-F19D-46BA-AD1C-88E341275C61}.Debug|Any CPU.Build.0 = Debug|Any CPU
		{D0ACC6A7-F19D-46BA-AD1C-88E341275C61}.Release|Any CPU.ActiveCfg = Release|Any CPU
		{D0ACC6A7-F19D-46BA-AD1C-88E341275C61}.Release|Any CPU.Build.0 = Release|Any CPU
		{DB1E2E8B-A7F2-4502-8E95-619BBF4F43E6}.Debug|Any CPU.ActiveCfg = Debug|Any CPU
		{DB1E2E8B-A7F2-4502-8E95-619BBF4F43E6}.Debug|Any CPU.Build.0 = Debug|Any CPU
		{DB1E2E8B-A7F2-4502-8E95-619BBF4F43E6}.Release|Any CPU.ActiveCfg = Release|Any CPU
		{DB1E2E8B-A7F2-4502-8E95-619BBF4F43E6}.Release|Any CPU.Build.0 = Release|Any CPU
	EndGlobalSection
	GlobalSection(SolutionProperties) = preSolution
		HideSolutionNode = FALSE
	EndGlobalSection
	GlobalSection(ExtensibilityGlobals) = postSolution
		SolutionGuid = {3EEF5204-36D6-4BAE-A22F-2E53CF670AC0}
	EndGlobalSection
EndGlobal
